
Microsoft Visual Studio Solution File, Format Version 12.00
# Visual Studio Version 16
VisualStudioVersion = 16.0.30611.23
MinimumVisualStudioVersion = 10.0.40219.1
Project("{FAE04EC0-301F-11D3-BF4B-00C04F79EFBC}") = "SPB.Web", "SPB.Web\SPB.Web.csproj", "{69CC1242-7950-4AE1-9CCB-8209656657B7}"
EndProject
Project("{FAE04EC0-301F-11D3-BF4B-00C04F79EFBC}") = "SPB.Service", "SPB.Service\SPB.Service.csproj", "{1473091C-534B-4814-BD22-210095CCB9A1}"
EndProject
Global
	GlobalSection(SolutionConfigurationPlatforms) = preSolution
		Debug|Any CPU = Debug|Any CPU
		Release|Any CPU = Release|Any CPU
	EndGlobalSection
	GlobalSection(ProjectConfigurationPlatforms) = postSolution
		{69CC1242-7950-4AE1-9CCB-8209656657B7}.Debug|Any CPU.ActiveCfg = Debug|Any CPU
		{69CC1242-7950-4AE1-9CCB-8209656657B7}.Debug|Any CPU.Build.0 = Debug|Any CPU
		{69CC1242-7950-4AE1-9CCB-8209656657B7}.Release|Any CPU.ActiveCfg = Release|Any CPU
		{69CC1242-7950-4AE1-9CCB-8209656657B7}.Release|Any CPU.Build.0 = Release|Any CPU
		{1473091C-534B-4814-BD22-210095CCB9A1}.Debug|Any CPU.ActiveCfg = Debug|Any CPU
		{1473091C-534B-4814-BD22-210095CCB9A1}.Debug|Any CPU.Build.0 = Debug|Any CPU
		{1473091C-534B-4814-BD22-210095CCB9A1}.Release|Any CPU.ActiveCfg = Release|Any CPU
		{1473091C-534B-4814-BD22-210095CCB9A1}.Release|Any CPU.Build.0 = Release|Any CPU
	EndGlobalSection
	GlobalSection(SolutionProperties) = preSolution
		HideSolutionNode = FALSE
	EndGlobalSection
	GlobalSection(ExtensibilityGlobals) = postSolution
		SolutionGuid = {7AC94E2A-982B-4F42-B60D-F9458018F11E}
	EndGlobalSection
EndGlobal
